// !$*UTF8*$!
{
	archiveVersion = 1;
	classes = {
	};
	objectVersion = 55;
	objects = {

/* Begin PBXBuildFile section */
		E02F7D2A2809703F00808E68 /* FewCryptoApp.swift in Sources */ = {isa = PBXBuildFile; fileRef = E02F7D292809703F00808E68 /* FewCryptoApp.swift */; };
		E02F7D2C2809703F00808E68 /* ContentView.swift in Sources */ = {isa = PBXBuildFile; fileRef = E02F7D2B2809703F00808E68 /* ContentView.swift */; };
		E02F7D2E2809704100808E68 /* Assets.xcassets in Resources */ = {isa = PBXBuildFile; fileRef = E02F7D2D2809704100808E68 /* Assets.xcassets */; };
		E02F7D312809704100808E68 /* Preview Assets.xcassets in Resources */ = {isa = PBXBuildFile; fileRef = E02F7D302809704100808E68 /* Preview Assets.xcassets */; };
		E02F7D38280C45B200808E68 /* NetworkManager.swift in Sources */ = {isa = PBXBuildFile; fileRef = E02F7D37280C45B200808E68 /* NetworkManager.swift */; };
		E02F7D3A280C482700808E68 /* PriceData.swift in Sources */ = {isa = PBXBuildFile; fileRef = E02F7D39280C482700808E68 /* PriceData.swift */; };
		E049FF8A28116870001FC606 /* WidgetKit.framework in Frameworks */ = {isa = PBXBuildFile; fileRef = E049FF8928116870001FC606 /* WidgetKit.framework */; };
		E049FF8C28116870001FC606 /* SwiftUI.framework in Frameworks */ = {isa = PBXBuildFile; fileRef = E049FF8B28116870001FC606 /* SwiftUI.framework */; };
		E049FF8F28116870001FC606 /* CryptoWidget.swift in Sources */ = {isa = PBXBuildFile; fileRef = E049FF8E28116870001FC606 /* CryptoWidget.swift */; };
		E049FF9228116872001FC606 /* Assets.xcassets in Resources */ = {isa = PBXBuildFile; fileRef = E049FF9128116872001FC606 /* Assets.xcassets */; };
		E049FF9428116872001FC606 /* CryptoWidget.intentdefinition in Sources */ = {isa = PBXBuildFile; fileRef = E049FF9028116870001FC606 /* CryptoWidget.intentdefinition */; };
		E049FF9528116872001FC606 /* CryptoWidget.intentdefinition in Sources */ = {isa = PBXBuildFile; fileRef = E049FF9028116870001FC606 /* CryptoWidget.intentdefinition */; };
		E049FF9828116872001FC606 /* CryptoWidgetExtension.appex in Embed App Extensions */ = {isa = PBXBuildFile; fileRef = E049FF8728116870001FC606 /* CryptoWidgetExtension.appex */; settings = {ATTRIBUTES = (RemoveHeadersOnCopy, ); }; };
/* End PBXBuildFile section */

/* Begin PBXContainerItemProxy section */
		E049FF9628116872001FC606 /* PBXContainerItemProxy */ = {
			isa = PBXContainerItemProxy;
			containerPortal = E02F7D1E2809703F00808E68 /* Project object */;
			proxyType = 1;
			remoteGlobalIDString = E049FF8628116870001FC606;
			remoteInfo = CryptoWidgetExtension;
		};
/* End PBXContainerItemProxy section */

/* Begin PBXCopyFilesBuildPhase section */
		E049FF9928116872001FC606 /* Embed App Extensions */ = {
			isa = PBXCopyFilesBuildPhase;
			buildActionMask = 2147483647;
			dstPath = "";
			dstSubfolderSpec = 13;
			files = (
				E049FF9828116872001FC606 /* CryptoWidgetExtension.appex in Embed App Extensions */,
			);
			name = "Embed App Extensions";
			runOnlyForDeploymentPostprocessing = 0;
		};
/* End PBXCopyFilesBuildPhase section */

/* Begin PBXFileReference section */
		E02F7D262809703F00808E68 /* FewCrypto.app */ = {isa = PBXFileReference; explicitFileType = wrapper.application; includeInIndex = 0; path = FewCrypto.app; sourceTree = BUILT_PRODUCTS_DIR; };
		E02F7D292809703F00808E68 /* FewCryptoApp.swift */ = {isa = PBXFileReference; lastKnownFileType = sourcecode.swift; path = FewCryptoApp.swift; sourceTree = "<group>"; };
		E02F7D2B2809703F00808E68 /* ContentView.swift */ = {isa = PBXFileReference; lastKnownFileType = sourcecode.swift; path = ContentView.swift; sourceTree = "<group>"; };
		E02F7D2D2809704100808E68 /* Assets.xcassets */ = {isa = PBXFileReference; lastKnownFileType = folder.assetcatalog; path = Assets.xcassets; sourceTree = "<group>"; };
		E02F7D302809704100808E68 /* Preview Assets.xcassets */ = {isa = PBXFileReference; lastKnownFileType = folder.assetcatalog; path = "Preview Assets.xcassets"; sourceTree = "<group>"; };
		E02F7D37280C45B200808E68 /* NetworkManager.swift */ = {isa = PBXFileReference; lastKnownFileType = sourcecode.swift; path = NetworkManager.swift; sourceTree = "<group>"; };
		E02F7D39280C482700808E68 /* PriceData.swift */ = {isa = PBXFileReference; lastKnownFileType = sourcecode.swift; path = PriceData.swift; sourceTree = "<group>"; };
		E049FF8728116870001FC606 /* CryptoWidgetExtension.appex */ = {isa = PBXFileReference; explicitFileType = "wrapper.app-extension"; includeInIndex = 0; path = CryptoWidgetExtension.appex; sourceTree = BUILT_PRODUCTS_DIR; };
		E049FF8928116870001FC606 /* WidgetKit.framework */ = {isa = PBXFileReference; lastKnownFileType = wrapper.framework; name = WidgetKit.framework; path = System/Library/Frameworks/WidgetKit.framework; sourceTree = SDKROOT; };
		E049FF8B28116870001FC606 /* SwiftUI.framework */ = {isa = PBXFileReference; lastKnownFileType = wrapper.framework; name = SwiftUI.framework; path = System/Library/Frameworks/SwiftUI.framework; sourceTree = SDKROOT; };
		E049FF8E28116870001FC606 /* CryptoWidget.swift */ = {isa = PBXFileReference; lastKnownFileType = sourcecode.swift; path = CryptoWidget.swift; sourceTree = "<group>"; };
		E049FF9028116870001FC606 /* CryptoWidget.intentdefinition */ = {isa = PBXFileReference; lastKnownFileType = file.intentdefinition; path = CryptoWidget.intentdefinition; sourceTree = "<group>"; };
		E049FF9128116872001FC606 /* Assets.xcassets */ = {isa = PBXFileReference; lastKnownFileType = folder.assetcatalog; path = Assets.xcassets; sourceTree = "<group>"; };
		E049FF9328116872001FC606 /* Info.plist */ = {isa = PBXFileReference; lastKnownFileType = text.plist.xml; path = Info.plist; sourceTree = "<group>"; };
		E049FF9D2811A696001FC606 /* FewCrypto.entitlements */ = {isa = PBXFileReference; lastKnownFileType = text.plist.entitlements; path = FewCrypto.entitlements; sourceTree = "<group>"; };
		E049FF9E2811A6B5001FC606 /* CryptoWidgetExtension.entitlements */ = {isa = PBXFileReference; lastKnownFileType = text.plist.entitlements; path = CryptoWidgetExtension.entitlements; sourceTree = "<group>"; };
/* End PBXFileReference section */

/* Begin PBXFrameworksBuildPhase section */
		E02F7D232809703F00808E68 /* Frameworks */ = {
			isa = PBXFrameworksBuildPhase;
			buildActionMask = 2147483647;
			files = (
			);
			runOnlyForDeploymentPostprocessing = 0;
		};
		E049FF8428116870001FC606 /* Frameworks */ = {
			isa = PBXFrameworksBuildPhase;
			buildActionMask = 2147483647;
			files = (
				E049FF8C28116870001FC606 /* SwiftUI.framework in Frameworks */,
				E049FF8A28116870001FC606 /* WidgetKit.framework in Frameworks */,
			);
			runOnlyForDeploymentPostprocessing = 0;
		};
/* End PBXFrameworksBuildPhase section */

/* Begin PBXGroup section */
		E02F7D1D2809703F00808E68 = {
			isa = PBXGroup;
			children = (
				E049FF9E2811A6B5001FC606 /* CryptoWidgetExtension.entitlements */,
				E02F7D282809703F00808E68 /* FewCrypto */,
				E049FF8D28116870001FC606 /* CryptoWidget */,
				E049FF8828116870001FC606 /* Frameworks */,
				E02F7D272809703F00808E68 /* Products */,
			);
			sourceTree = "<group>";
		};
		E02F7D272809703F00808E68 /* Products */ = {
			isa = PBXGroup;
			children = (
				E02F7D262809703F00808E68 /* FewCrypto.app */,
				E049FF8728116870001FC606 /* CryptoWidgetExtension.appex */,
			);
			name = Products;
			sourceTree = "<group>";
		};
		E02F7D282809703F00808E68 /* FewCrypto */ = {
			isa = PBXGroup;
			children = (
				E049FF9D2811A696001FC606 /* FewCrypto.entitlements */,
				E02F7D3B280C482D00808E68 /* Model */,
				E02F7D292809703F00808E68 /* FewCryptoApp.swift */,
				E02F7D2B2809703F00808E68 /* ContentView.swift */,
				E02F7D2D2809704100808E68 /* Assets.xcassets */,
				E02F7D2F2809704100808E68 /* Preview Content */,
			);
			path = FewCrypto;
			sourceTree = "<group>";
		};
		E02F7D2F2809704100808E68 /* Preview Content */ = {
			isa = PBXGroup;
			children = (
				E02F7D302809704100808E68 /* Preview Assets.xcassets */,
			);
			path = "Preview Content";
			sourceTree = "<group>";
		};
		E02F7D3B280C482D00808E68 /* Model */ = {
			isa = PBXGroup;
			children = (
				E02F7D39280C482700808E68 /* PriceData.swift */,
				E02F7D37280C45B200808E68 /* NetworkManager.swift */,
			);
			path = Model;
			sourceTree = "<group>";
		};
		E049FF8828116870001FC606 /* Frameworks */ = {
			isa = PBXGroup;
			children = (
				E049FF8928116870001FC606 /* WidgetKit.framework */,
				E049FF8B28116870001FC606 /* SwiftUI.framework */,
			);
			name = Frameworks;
			sourceTree = "<group>";
		};
		E049FF8D28116870001FC606 /* CryptoWidget */ = {
			isa = PBXGroup;
			children = (
				E049FF8E28116870001FC606 /* CryptoWidget.swift */,
				E049FF9028116870001FC606 /* CryptoWidget.intentdefinition */,
				E049FF9128116872001FC606 /* Assets.xcassets */,
				E049FF9328116872001FC606 /* Info.plist */,
			);
			path = CryptoWidget;
			sourceTree = "<group>";
		};
/* End PBXGroup section */

/* Begin PBXNativeTarget section */
		E02F7D252809703F00808E68 /* FewCrypto */ = {
			isa = PBXNativeTarget;
			buildConfigurationList = E02F7D342809704100808E68 /* Build configuration list for PBXNativeTarget "FewCrypto" */;
			buildPhases = (
				E02F7D222809703F00808E68 /* Sources */,
				E02F7D232809703F00808E68 /* Frameworks */,
				E02F7D242809703F00808E68 /* Resources */,
				E049FF9928116872001FC606 /* Embed App Extensions */,
			);
			buildRules = (
			);
			dependencies = (
				E049FF9728116872001FC606 /* PBXTargetDependency */,
			);
			name = FewCrypto;
			productName = FewCrypto;
			productReference = E02F7D262809703F00808E68 /* FewCrypto.app */;
			productType = "com.apple.product-type.application";
		};
		E049FF8628116870001FC606 /* CryptoWidgetExtension */ = {
			isa = PBXNativeTarget;
			buildConfigurationList = E049FF9C28116872001FC606 /* Build configuration list for PBXNativeTarget "CryptoWidgetExtension" */;
			buildPhases = (
				E049FF8328116870001FC606 /* Sources */,
				E049FF8428116870001FC606 /* Frameworks */,
				E049FF8528116870001FC606 /* Resources */,
			);
			buildRules = (
			);
			dependencies = (
			);
			name = CryptoWidgetExtension;
			productName = CryptoWidgetExtension;
			productReference = E049FF8728116870001FC606 /* CryptoWidgetExtension.appex */;
			productType = "com.apple.product-type.app-extension";
		};
/* End PBXNativeTarget section */

/* Begin PBXProject section */
		E02F7D1E2809703F00808E68 /* Project object */ = {
			isa = PBXProject;
			attributes = {
				BuildIndependentTargetsInParallel = 1;
				LastSwiftUpdateCheck = 1330;
				LastUpgradeCheck = 1330;
				TargetAttributes = {
					E02F7D252809703F00808E68 = {
						CreatedOnToolsVersion = 13.3.1;
					};
					E049FF8628116870001FC606 = {
						CreatedOnToolsVersion = 13.3.1;
					};
				};
			};
			buildConfigurationList = E02F7D212809703F00808E68 /* Build configuration list for PBXProject "FewCrypto" */;
			compatibilityVersion = "Xcode 13.0";
			developmentRegion = en;
			hasScannedForEncodings = 0;
			knownRegions = (
				en,
				Base,
			);
			mainGroup = E02F7D1D2809703F00808E68;
			productRefGroup = E02F7D272809703F00808E68 /* Products */;
			projectDirPath = "";
			projectRoot = "";
			targets = (
				E02F7D252809703F00808E68 /* FewCrypto */,
				E049FF8628116870001FC606 /* CryptoWidgetExtension */,
			);
		};
/* End PBXProject section */

/* Begin PBXResourcesBuildPhase section */
		E02F7D242809703F00808E68 /* Resources */ = {
			isa = PBXResourcesBuildPhase;
			buildActionMask = 2147483647;
			files = (
				E02F7D312809704100808E68 /* Preview Assets.xcassets in Resources */,
				E02F7D2E2809704100808E68 /* Assets.xcassets in Resources */,
			);
			runOnlyForDeploymentPostprocessing = 0;
		};
		E049FF8528116870001FC606 /* Resources */ = {
			isa = PBXResourcesBuildPhase;
			buildActionMask = 2147483647;
			files = (
				E049FF9228116872001FC606 /* Assets.xcassets in Resources */,
			);
			runOnlyForDeploymentPostprocessing = 0;
		};
/* End PBXResourcesBuildPhase section */

/* Begin PBXSourcesBuildPhase section */
		E02F7D222809703F00808E68 /* Sources */ = {
			isa = PBXSourcesBuildPhase;
			buildActionMask = 2147483647;
			files = (
				E02F7D38280C45B200808E68 /* NetworkManager.swift in Sources */,
				E02F7D2C2809703F00808E68 /* ContentView.swift in Sources */,
				E02F7D2A2809703F00808E68 /* FewCryptoApp.swift in Sources */,
				E049FF9528116872001FC606 /* CryptoWidget.intentdefinition in Sources */,
				E02F7D3A280C482700808E68 /* PriceData.swift in Sources */,
			);
			runOnlyForDeploymentPostprocessing = 0;
		};
		E049FF8328116870001FC606 /* Sources */ = {
			isa = PBXSourcesBuildPhase;
			buildActionMask = 2147483647;
			files = (
				E049FF8F28116870001FC606 /* CryptoWidget.swift in Sources */,
				E049FF9428116872001FC606 /* CryptoWidget.intentdefinition in Sources */,
			);
			runOnlyForDeploymentPostprocessing = 0;
		};
/* End PBXSourcesBuildPhase section */

/* Begin PBXTargetDependency section */
		E049FF9728116872001FC606 /* PBXTargetDependency */ = {
			isa = PBXTargetDependency;
			target = E049FF8628116870001FC606 /* CryptoWidgetExtension */;
			targetProxy = E049FF9628116872001FC606 /* PBXContainerItemProxy */;
		};
/* End PBXTargetDependency section */

/* Begin XCBuildConfiguration section */
		E02F7D322809704100808E68 /* Debug */ = {
			isa = XCBuildConfiguration;
			buildSettings = {
				ALWAYS_SEARCH_USER_PATHS = NO;
				CLANG_ANALYZER_NONNULL = YES;
				CLANG_ANALYZER_NUMBER_OBJECT_CONVERSION = YES_AGGRESSIVE;
				CLANG_CXX_LANGUAGE_STANDARD = "gnu++17";
				CLANG_ENABLE_MODULES = YES;
				CLANG_ENABLE_OBJC_ARC = YES;
				CLANG_ENABLE_OBJC_WEAK = YES;
				CLANG_WARN_BLOCK_CAPTURE_AUTORELEASING = YES;
				CLANG_WARN_BOOL_CONVERSION = YES;
				CLANG_WARN_COMMA = YES;
				CLANG_WARN_CONSTANT_CONVERSION = YES;
				CLANG_WARN_DEPRECATED_OBJC_IMPLEMENTATIONS = YES;
				CLANG_WARN_DIRECT_OBJC_ISA_USAGE = YES_ERROR;
				CLANG_WARN_DOCUMENTATION_COMMENTS = YES;
				CLANG_WARN_EMPTY_BODY = YES;
				CLANG_WARN_ENUM_CONVERSION = YES;
				CLANG_WARN_INFINITE_RECURSION = YES;
				CLANG_WARN_INT_CONVERSION = YES;
				CLANG_WARN_NON_LITERAL_NULL_CONVERSION = YES;
				CLANG_WARN_OBJC_IMPLICIT_RETAIN_SELF = YES;
				CLANG_WARN_OBJC_LITERAL_CONVERSION = YES;
				CLANG_WARN_OBJC_ROOT_CLASS = YES_ERROR;
				CLANG_WARN_QUOTED_INCLUDE_IN_FRAMEWORK_HEADER = YES;
				CLANG_WARN_RANGE_LOOP_ANALYSIS = YES;
				CLANG_WARN_STRICT_PROTOTYPES = YES;
				CLANG_WARN_SUSPICIOUS_MOVE = YES;
				CLANG_WARN_UNGUARDED_AVAILABILITY = YES_AGGRESSIVE;
				CLANG_WARN_UNREACHABLE_CODE = YES;
				CLANG_WARN__DUPLICATE_METHOD_MATCH = YES;
				COPY_PHASE_STRIP = NO;
				DEBUG_INFORMATION_FORMAT = dwarf;
				ENABLE_STRICT_OBJC_MSGSEND = YES;
				ENABLE_TESTABILITY = YES;
				GCC_C_LANGUAGE_STANDARD = gnu11;
				GCC_DYNAMIC_NO_PIC = NO;
				GCC_NO_COMMON_BLOCKS = YES;
				GCC_OPTIMIZATION_LEVEL = 0;
				GCC_PREPROCESSOR_DEFINITIONS = (
					"DEBUG=1",
					"$(inherited)",
				);
				GCC_WARN_64_TO_32_BIT_CONVERSION = YES;
				GCC_WARN_ABOUT_RETURN_TYPE = YES_ERROR;
				GCC_WARN_UNDECLARED_SELECTOR = YES;
				GCC_WARN_UNINITIALIZED_AUTOS = YES_AGGRESSIVE;
				GCC_WARN_UNUSED_FUNCTION = YES;
				GCC_WARN_UNUSED_VARIABLE = YES;
				IPHONEOS_DEPLOYMENT_TARGET = 15.4;
				MTL_ENABLE_DEBUG_INFO = INCLUDE_SOURCE;
				MTL_FAST_MATH = YES;
				ONLY_ACTIVE_ARCH = YES;
				SDKROOT = iphoneos;
				SWIFT_ACTIVE_COMPILATION_CONDITIONS = DEBUG;
				SWIFT_OPTIMIZATION_LEVEL = "-Onone";
			};
			name = Debug;
		};
		E02F7D332809704100808E68 /* Release */ = {
			isa = XCBuildConfiguration;
			buildSettings = {
				ALWAYS_SEARCH_USER_PATHS = NO;
				CLANG_ANALYZER_NONNULL = YES;
				CLANG_ANALYZER_NUMBER_OBJECT_CONVERSION = YES_AGGRESSIVE;
				CLANG_CXX_LANGUAGE_STANDARD = "gnu++17";
				CLANG_ENABLE_MODULES = YES;
				CLANG_ENABLE_OBJC_ARC = YES;
				CLANG_ENABLE_OBJC_WEAK = YES;
				CLANG_WARN_BLOCK_CAPTURE_AUTORELEASING = YES;
				CLANG_WARN_BOOL_CONVERSION = YES;
				CLANG_WARN_COMMA = YES;
				CLANG_WARN_CONSTANT_CONVERSION = YES;
				CLANG_WARN_DEPRECATED_OBJC_IMPLEMENTATIONS = YES;
				CLANG_WARN_DIRECT_OBJC_ISA_USAGE = YES_ERROR;
				CLANG_WARN_DOCUMENTATION_COMMENTS = YES;
				CLANG_WARN_EMPTY_BODY = YES;
				CLANG_WARN_ENUM_CONVERSION = YES;
				CLANG_WARN_INFINITE_RECURSION = YES;
				CLANG_WARN_INT_CONVERSION = YES;
				CLANG_WARN_NON_LITERAL_NULL_CONVERSION = YES;
				CLANG_WARN_OBJC_IMPLICIT_RETAIN_SELF = YES;
				CLANG_WARN_OBJC_LITERAL_CONVERSION = YES;
				CLANG_WARN_OBJC_ROOT_CLASS = YES_ERROR;
				CLANG_WARN_QUOTED_INCLUDE_IN_FRAMEWORK_HEADER = YES;
				CLANG_WARN_RANGE_LOOP_ANALYSIS = YES;
				CLANG_WARN_STRICT_PROTOTYPES = YES;
				CLANG_WARN_SUSPICIOUS_MOVE = YES;
				CLANG_WARN_UNGUARDED_AVAILABILITY = YES_AGGRESSIVE;
				CLANG_WARN_UNREACHABLE_CODE = YES;
				CLANG_WARN__DUPLICATE_METHOD_MATCH = YES;
				COPY_PHASE_STRIP = NO;
				DEBUG_INFORMATION_FORMAT = "dwarf-with-dsym";
				ENABLE_NS_ASSERTIONS = NO;
				ENABLE_STRICT_OBJC_MSGSEND = YES;
				GCC_C_LANGUAGE_STANDARD = gnu11;
				GCC_NO_COMMON_BLOCKS = YES;
				GCC_WARN_64_TO_32_BIT_CONVERSION = YES;
				GCC_WARN_ABOUT_RETURN_TYPE = YES_ERROR;
				GCC_WARN_UNDECLARED_SELECTOR = YES;
				GCC_WARN_UNINITIALIZED_AUTOS = YES_AGGRESSIVE;
				GCC_WARN_UNUSED_FUNCTION = YES;
				GCC_WARN_UNUSED_VARIABLE = YES;
				IPHONEOS_DEPLOYMENT_TARGET = 15.4;
				MTL_ENABLE_DEBUG_INFO = NO;
				MTL_FAST_MATH = YES;
				SDKROOT = iphoneos;
				SWIFT_COMPILATION_MODE = wholemodule;
				SWIFT_OPTIMIZATION_LEVEL = "-O";
				VALIDATE_PRODUCT = YES;
			};
			name = Release;
		};
		E02F7D352809704100808E68 /* Debug */ = {
			isa = XCBuildConfiguration;
			buildSettings = {
				ALWAYS_EMBED_SWIFT_STANDARD_LIBRARIES = YES;
				ASSETCATALOG_COMPILER_APPICON_NAME = AppIcon;
				ASSETCATALOG_COMPILER_GLOBAL_ACCENT_COLOR_NAME = AccentColor;
				CODE_SIGN_ENTITLEMENTS = FewCrypto/FewCrypto.entitlements;
				CODE_SIGN_STYLE = Automatic;
				CURRENT_PROJECT_VERSION = 1;
				DEVELOPMENT_ASSET_PATHS = "\"FewCrypto/Preview Content\"";
				DEVELOPMENT_TEAM = 9FUH842T98;
				ENABLE_PREVIEWS = YES;
				GENERATE_INFOPLIST_FILE = YES;
				INFOPLIST_KEY_UIApplicationSceneManifest_Generation = YES;
				INFOPLIST_KEY_UIApplicationSupportsIndirectInputEvents = YES;
				INFOPLIST_KEY_UILaunchScreen_Generation = YES;
				INFOPLIST_KEY_UISupportedInterfaceOrientations_iPad = "UIInterfaceOrientationPortrait UIInterfaceOrientationPortraitUpsideDown UIInterfaceOrientationLandscapeLeft UIInterfaceOrientationLandscapeRight";
				INFOPLIST_KEY_UISupportedInterfaceOrientations_iPhone = "UIInterfaceOrientationPortrait UIInterfaceOrientationLandscapeLeft UIInterfaceOrientationLandscapeRight";
				IPHONEOS_DEPLOYMENT_TARGET = 15.0;
				LD_RUNPATH_SEARCH_PATHS = (
					"$(inherited)",
					"@executable_path/Frameworks",
				);
				MARKETING_VERSION = 1.0;
				PRODUCT_BUNDLE_IDENTIFIER = fewcher.FewCrypto;
				PRODUCT_NAME = "$(TARGET_NAME)";
				SWIFT_EMIT_LOC_STRINGS = YES;
				SWIFT_VERSION = 5.0;
				TARGETED_DEVICE_FAMILY = "1,2";
				TVOS_DEPLOYMENT_TARGET = 15.0;
			};
			name = Debug;
		};
		E02F7D362809704100808E68 /* Release */ = {
			isa = XCBuildConfiguration;
			buildSettings = {
				ALWAYS_EMBED_SWIFT_STANDARD_LIBRARIES = YES;
				ASSETCATALOG_COMPILER_APPICON_NAME = AppIcon;
				ASSETCATALOG_COMPILER_GLOBAL_ACCENT_COLOR_NAME = AccentColor;
				CODE_SIGN_ENTITLEMENTS = FewCrypto/FewCrypto.entitlements;
				CODE_SIGN_STYLE = Automatic;
				CURRENT_PROJECT_VERSION = 1;
				DEVELOPMENT_ASSET_PATHS = "\"FewCrypto/Preview Content\"";
				DEVELOPMENT_TEAM = 9FUH842T98;
				ENABLE_PREVIEWS = YES;
				GENERATE_INFOPLIST_FILE = YES;
				INFOPLIST_KEY_UIApplicationSceneManifest_Generation = YES;
				INFOPLIST_KEY_UIApplicationSupportsIndirectInputEvents = YES;
				INFOPLIST_KEY_UILaunchScreen_Generation = YES;
				INFOPLIST_KEY_UISupportedInterfaceOrientations_iPad = "UIInterfaceOrientationPortrait UIInterfaceOrientationPortraitUpsideDown UIInterfaceOrientationLandscapeLeft UIInterfaceOrientationLandscapeRight";
				INFOPLIST_KEY_UISupportedInterfaceOrientations_iPhone = "UIInterfaceOrientationPortrait UIInterfaceOrientationLandscapeLeft UIInterfaceOrientationLandscapeRight";
				IPHONEOS_DEPLOYMENT_TARGET = 15.0;
				LD_RUNPATH_SEARCH_PATHS = (
					"$(inherited)",
					"@executable_path/Frameworks",
				);
				MARKETING_VERSION = 1.0;
				PRODUCT_BUNDLE_IDENTIFIER = fewcher.FewCrypto;
				PRODUCT_NAME = "$(TARGET_NAME)";
				SWIFT_EMIT_LOC_STRINGS = YES;
				SWIFT_VERSION = 5.0;
				TARGETED_DEVICE_FAMILY = "1,2";
				TVOS_DEPLOYMENT_TARGET = 15.0;
			};
			name = Release;
		};
		E049FF9A28116872001FC606 /* Debug */ = {
			isa = XCBuildConfiguration;
			buildSettings = {
				ASSETCATALOG_COMPILER_GLOBAL_ACCENT_COLOR_NAME = AccentColor;
				ASSETCATALOG_COMPILER_WIDGET_BACKGROUND_COLOR_NAME = WidgetBackground;
				CODE_SIGN_ENTITLEMENTS = CryptoWidgetExtension.entitlements;
				CODE_SIGN_STYLE = Automatic;
				CURRENT_PROJECT_VERSION = 1;
				DEVELOPMENT_TEAM = 9FUH842T98;
				GENERATE_INFOPLIST_FILE = YES;
				INFOPLIST_FILE = CryptoWidget/Info.plist;
				INFOPLIST_KEY_CFBundleDisplayName = CryptoWidget;
				INFOPLIST_KEY_NSHumanReadableCopyright = "";
				LD_RUNPATH_SEARCH_PATHS = (
					"$(inherited)",
					"@executable_path/Frameworks",
					"@executable_path/../../Frameworks",
				);
				MARKETING_VERSION = 1.0;
				PRODUCT_BUNDLE_IDENTIFIER = fewcher.FewCrypto.CryptoWidget;
				PRODUCT_NAME = "$(TARGET_NAME)";
				SKIP_INSTALL = YES;
				SWIFT_EMIT_LOC_STRINGS = YES;
				SWIFT_VERSION = 5.0;
				TARGETED_DEVICE_FAMILY = "1,2";
			};
			name = Debug;
		};
		E049FF9B28116872001FC606 /* Release */ = {
			isa = XCBuildConfiguration;
			buildSettings = {
				ASSETCATALOG_COMPILER_GLOBAL_ACCENT_COLOR_NAME = AccentColor;
				ASSETCATALOG_COMPILER_WIDGET_BACKGROUND_COLOR_NAME = WidgetBackground;
				CODE_SIGN_ENTITLEMENTS = CryptoWidgetExtension.entitlements;
				CODE_SIGN_STYLE = Automatic;
				CURRENT_PROJECT_VERSION = 1;
				DEVELOPMENT_TEAM = 9FUH842T98;
				GENERATE_INFOPLIST_FILE = YES;
				INFOPLIST_FILE = CryptoWidget/Info.plist;
				INFOPLIST_KEY_CFBundleDisplayName = CryptoWidget;
				INFOPLIST_KEY_NSHumanReadableCopyright = "";
				LD_RUNPATH_SEARCH_PATHS = (
					"$(inherited)",
					"@executable_path/Frameworks",
					"@executable_path/../../Frameworks",
				);
				MARKETING_VERSION = 1.0;
				PRODUCT_BUNDLE_IDENTIFIER = fewcher.FewCrypto.CryptoWidget;
				PRODUCT_NAME = "$(TARGET_NAME)";
				SKIP_INSTALL = YES;
				SWIFT_EMIT_LOC_STRINGS = YES;
				SWIFT_VERSION = 5.0;
				TARGETED_DEVICE_FAMILY = "1,2";
			};
			name = Release;
		};
/* End XCBuildConfiguration section */

/* Begin XCConfigurationList section */
		E02F7D212809703F00808E68 /* Build configuration list for PBXProject "FewCrypto" */ = {
			isa = XCConfigurationList;
			buildConfigurations = (
				E02F7D322809704100808E68 /* Debug */,
				E02F7D332809704100808E68 /* Release */,
			);
			defaultConfigurationIsVisible = 0;
			defaultConfigurationName = Release;
		};
		E02F7D342809704100808E68 /* Build configuration list for PBXNativeTarget "FewCrypto" */ = {
			isa = XCConfigurationList;
			buildConfigurations = (
				E02F7D352809704100808E68 /* Debug */,
				E02F7D362809704100808E68 /* Release */,
			);
			defaultConfigurationIsVisible = 0;
			defaultConfigurationName = Release;
		};
		E049FF9C28116872001FC606 /* Build configuration list for PBXNativeTarget "CryptoWidgetExtension" */ = {
			isa = XCConfigurationList;
			buildConfigurations = (
				E049FF9A28116872001FC606 /* Debug */,
				E049FF9B28116872001FC606 /* Release */,
			);
			defaultConfigurationIsVisible = 0;
			defaultConfigurationName = Release;
		};
/* End XCConfigurationList section */
	};
	rootObject = E02F7D1E2809703F00808E68 /* Project object */;
}
